
Microsoft Visual Studio Solution File, Format Version 12.00
Project("{FAE04EC0-301F-11D3-BF4B-00C04F79EFBC}") = "EasyGroceries.User", "EasyGroceries.User\EasyGroceries.User.csproj", "{B226178E-BCB9-44E0-AB06-B541912DB512}"
EndProject
Project("{FAE04EC0-301F-11D3-BF4B-00C04F79EFBC}") = "EasyGroceries.Common", "EasyGroceries.Common\EasyGroceries.Common.csproj", "{3227F0B4-177F-4F3C-8B64-F465D36F8FF4}"
EndProject
Project("{2150E333-8FDC-42A3-9474-1A3956D46DE8}") = "Tests", "Tests", "{1AFDDC87-6405-420E-9E94-1BBEDC408297}"
EndProject
Project("{FAE04EC0-301F-11D3-BF4B-00C04F79EFBC}") = "EasyGroceries.User.Tests", "EasyGroceries.User.Tests\EasyGroceries.User.Tests.csproj", "{0BE45388-6783-4BCE-AA31-9524D64538C5}"
EndProject
Global
	GlobalSection(SolutionConfigurationPlatforms) = preSolution
		Debug|Any CPU = Debug|Any CPU
		Release|Any CPU = Release|Any CPU
	EndGlobalSection
	GlobalSection(ProjectConfigurationPlatforms) = postSolution
		{B226178E-BCB9-44E0-AB06-B541912DB512}.Debug|Any CPU.ActiveCfg = Debug|Any CPU
		{B226178E-BCB9-44E0-AB06-B541912DB512}.Debug|Any CPU.Build.0 = Debug|Any CPU
		{B226178E-BCB9-44E0-AB06-B541912DB512}.Release|Any CPU.ActiveCfg = Release|Any CPU
		{B226178E-BCB9-44E0-AB06-B541912DB512}.Release|Any CPU.Build.0 = Release|Any CPU
		{3227F0B4-177F-4F3C-8B64-F465D36F8FF4}.Debug|Any CPU.ActiveCfg = Debug|Any CPU
		{3227F0B4-177F-4F3C-8B64-F465D36F8FF4}.Debug|Any CPU.Build.0 = Debug|Any CPU
		{3227F0B4-177F-4F3C-8B64-F465D36F8FF4}.Release|Any CPU.ActiveCfg = Release|Any CPU
		{3227F0B4-177F-4F3C-8B64-F465D36F8FF4}.Release|Any CPU.Build.0 = Release|Any CPU
		{0BE45388-6783-4BCE-AA31-9524D64538C5}.Debug|Any CPU.ActiveCfg = Debug|Any CPU
		{0BE45388-6783-4BCE-AA31-9524D64538C5}.Debug|Any CPU.Build.0 = Debug|Any CPU
		{0BE45388-6783-4BCE-AA31-9524D64538C5}.Release|Any CPU.ActiveCfg = Release|Any CPU
		{0BE45388-6783-4BCE-AA31-9524D64538C5}.Release|Any CPU.Build.0 = Release|Any CPU
	EndGlobalSection
	GlobalSection(NestedProjects) = preSolution
		{0BE45388-6783-4BCE-AA31-9524D64538C5} = {1AFDDC87-6405-420E-9E94-1BBEDC408297}
	EndGlobalSection
EndGlobal
